{
  "name": "day2",
  "version": "0.0.1",
  "lockfileVersion": 1,
  "requires": true,
  "dependencies": {
    "lodash": {
      "version": "4.17.21",
      "resolved": "https://registry.npmjs.org/lodash/-/lodash-4.17.21.tgz",
      "integrity": "sha512-v2kDEe57lecTulaDIuNTPy3Ry4gLGJ6Z1O3vE1krgXZNrsQ+LFTGHVxVjcXPs17LhbZVGedAJv8XZ1tvj5FvSg=="
    },
    "simple-statistics": {
      "version": "7.0.5",
      "resolved": "https://registry.npmjs.org/simple-statistics/-/simple-statistics-7.0.5.tgz",
      "integrity": "sha512-Fz3TaU6ERtpemiNh5IVmJ93+W/kJUEAZ2MrKe2tQ8iU8aFrrwPhW+62MZE0OJlG3GKH6KgcADBz/McIx0s0NhA=="
    }
  }
}
